
Microsoft Visual Studio Solution File, Format Version 12.00
# Visual Studio Version 16
VisualStudioVersion = 16.0.30204.135
MinimumVisualStudioVersion = 10.0.40219.1
Project("{FAE04EC0-301F-11D3-BF4B-00C04F79EFBC}") = "SimulationPOC", "SimulationPOC\SimulationPOC.csproj", "{BAB02888-0CE2-4ECF-A6BA-72D52E99164D}"
EndProject
Global
	GlobalSection(SolutionConfigurationPlatforms) = preSolution
		Debug|Any CPU = Debug|Any CPU
		Release|Any CPU = Release|Any CPU
	EndGlobalSection
	GlobalSection(ProjectConfigurationPlatforms) = postSolution
		{BAB02888-0CE2-4ECF-A6BA-72D52E99164D}.Debug|Any CPU.ActiveCfg = Debug|Any CPU
		{BAB02888-0CE2-4ECF-A6BA-72D52E99164D}.Debug|Any CPU.Build.0 = Debug|Any CPU
		{BAB02888-0CE2-4ECF-A6BA-72D52E99164D}.Release|Any CPU.ActiveCfg = Release|Any CPU
		{BAB02888-0CE2-4ECF-A6BA-72D52E99164D}.Release|Any CPU.Build.0 = Release|Any CPU
	EndGlobalSection
	GlobalSection(SolutionProperties) = preSolution
		HideSolutionNode = FALSE
	EndGlobalSection
	GlobalSection(ExtensibilityGlobals) = postSolution
		SolutionGuid = {BC089DCE-B51E-4671-95C3-418C0DBFC0FD}
	EndGlobalSection
EndGlobal
